// !$*UTF8*$!
{
	archiveVersion = 1;
	classes = {
	};
	objectVersion = 46;
	objects = {

/* Begin PBXBuildFile section */
		3F08BBAB18F98A9600DD0C91 /* Foundation.framework in Frameworks */ = {isa = PBXBuildFile; fileRef = 3F08BBAA18F98A9600DD0C91 /* Foundation.framework */; };
		3F08BBAD18F98A9600DD0C91 /* CoreGraphics.framework in Frameworks */ = {isa = PBXBuildFile; fileRef = 3F08BBAC18F98A9600DD0C91 /* CoreGraphics.framework */; };
		3F08BBAF18F98A9600DD0C91 /* UIKit.framework in Frameworks */ = {isa = PBXBuildFile; fileRef = 3F08BBAE18F98A9600DD0C91 /* UIKit.framework */; };
		3F08BBB518F98A9600DD0C91 /* InfoPlist.strings in Resources */ = {isa = PBXBuildFile; fileRef = 3F08BBB318F98A9600DD0C91 /* InfoPlist.strings */; };
		3F08BBB718F98A9600DD0C91 /* main.m in Sources */ = {isa = PBXBuildFile; fileRef = 3F08BBB618F98A9600DD0C91 /* main.m */; };
		3F08BBBB18F98A9600DD0C91 /* AppDelegate.m in Sources */ = {isa = PBXBuildFile; fileRef = 3F08BBBA18F98A9600DD0C91 /* AppDelegate.m */; };
		3F08BBBD18F98A9600DD0C91 /* Images.xcassets in Resources */ = {isa = PBXBuildFile; fileRef = 3F08BBBC18F98A9600DD0C91 /* Images.xcassets */; };
		3F08BBC418F98A9600DD0C91 /* XCTest.framework in Frameworks */ = {isa = PBXBuildFile; fileRef = 3F08BBC318F98A9600DD0C91 /* XCTest.framework */; };
		3F08BBC518F98A9700DD0C91 /* Foundation.framework in Frameworks */ = {isa = PBXBuildFile; fileRef = 3F08BBAA18F98A9600DD0C91 /* Foundation.framework */; };
		3F08BBC618F98A9700DD0C91 /* UIKit.framework in Frameworks */ = {isa = PBXBuildFile; fileRef = 3F08BBAE18F98A9600DD0C91 /* UIKit.framework */; };
		3F08BBCE18F98A9700DD0C91 /* InfoPlist.strings in Resources */ = {isa = PBXBuildFile; fileRef = 3F08BBCC18F98A9700DD0C91 /* InfoPlist.strings */; };
		3F08BBD018F98A9700DD0C91 /* LoginTests.m in Sources */ = {isa = PBXBuildFile; fileRef = 3F08BBCF18F98A9700DD0C91 /* LoginTests.m */; };
		3F08BBDC18F98B7500DD0C91 /* LoginViewController.m in Sources */ = {isa = PBXBuildFile; fileRef = 3F08BBDA18F98B7500DD0C91 /* LoginViewController.m */; };
		3F08BBDD18F98B7500DD0C91 /* LoginViewController.xib in Resources */ = {isa = PBXBuildFile; fileRef = 3F08BBDB18F98B7500DD0C91 /* LoginViewController.xib */; };
		3F08BBE018F9912D00DD0C91 /* LoginModel.m in Sources */ = {isa = PBXBuildFile; fileRef = 3F08BBDF18F9912D00DD0C91 /* LoginModel.m */; };
/* End PBXBuildFile section */

/* Begin PBXContainerItemProxy section */
		3F08BBC718F98A9700DD0C91 /* PBXContainerItemProxy */ = {
			isa = PBXContainerItemProxy;
			containerPortal = 3F08BB9F18F98A9600DD0C91 /* Project object */;
			proxyType = 1;
			remoteGlobalIDString = 3F08BBA618F98A9600DD0C91;
			remoteInfo = Login;
		};
/* End PBXContainerItemProxy section */

/* Begin PBXFileReference section */
		3F08BBA718F98A9600DD0C91 /* Login.app */ = {isa = PBXFileReference; explicitFileType = wrapper.application; includeInIndex = 0; path = Login.app; sourceTree = BUILT_PRODUCTS_DIR; };
		3F08BBAA18F98A9600DD0C91 /* Foundation.framework */ = {isa = PBXFileReference; lastKnownFileType = wrapper.framework; name = Foundation.framework; path = System/Library/Frameworks/Foundation.framework; sourceTree = SDKROOT; };
		3F08BBAC18F98A9600DD0C91 /* CoreGraphics.framework */ = {isa = PBXFileReference; lastKnownFileType = wrapper.framework; name = CoreGraphics.framework; path = System/Library/Frameworks/CoreGraphics.framework; sourceTree = SDKROOT; };
		3F08BBAE18F98A9600DD0C91 /* UIKit.framework */ = {isa = PBXFileReference; lastKnownFileType = wrapper.framework; name = UIKit.framework; path = System/Library/Frameworks/UIKit.framework; sourceTree = SDKROOT; };
		3F08BBB218F98A9600DD0C91 /* Login-Info.plist */ = {isa = PBXFileReference; lastKnownFileType = text.plist.xml; path = "Login-Info.plist"; sourceTree = "<group>"; };
		3F08BBB418F98A9600DD0C91 /* en */ = {isa = PBXFileReference; lastKnownFileType = text.plist.strings; name = en; path = en.lproj/InfoPlist.strings; sourceTree = "<group>"; };
		3F08BBB618F98A9600DD0C91 /* main.m */ = {isa = PBXFileReference; lastKnownFileType = sourcecode.c.objc; path = main.m; sourceTree = "<group>"; };
		3F08BBB818F98A9600DD0C91 /* Login-Prefix.pch */ = {isa = PBXFileReference; lastKnownFileType = sourcecode.c.h; path = "Login-Prefix.pch"; sourceTree = "<group>"; };
		3F08BBB918F98A9600DD0C91 /* AppDelegate.h */ = {isa = PBXFileReference; lastKnownFileType = sourcecode.c.h; path = AppDelegate.h; sourceTree = "<group>"; };
		3F08BBBA18F98A9600DD0C91 /* AppDelegate.m */ = {isa = PBXFileReference; lastKnownFileType = sourcecode.c.objc; path = AppDelegate.m; sourceTree = "<group>"; };
		3F08BBBC18F98A9600DD0C91 /* Images.xcassets */ = {isa = PBXFileReference; lastKnownFileType = folder.assetcatalog; path = Images.xcassets; sourceTree = "<group>"; };
		3F08BBC218F98A9600DD0C91 /* LoginTests.xctest */ = {isa = PBXFileReference; explicitFileType = wrapper.cfbundle; includeInIndex = 0; path = LoginTests.xctest; sourceTree = BUILT_PRODUCTS_DIR; };
		3F08BBC318F98A9600DD0C91 /* XCTest.framework */ = {isa = PBXFileReference; lastKnownFileType = wrapper.framework; name = XCTest.framework; path = Library/Frameworks/XCTest.framework; sourceTree = DEVELOPER_DIR; };
		3F08BBCB18F98A9700DD0C91 /* LoginTests-Info.plist */ = {isa = PBXFileReference; lastKnownFileType = text.plist.xml; path = "LoginTests-Info.plist"; sourceTree = "<group>"; };
		3F08BBCD18F98A9700DD0C91 /* en */ = {isa = PBXFileReference; lastKnownFileType = text.plist.strings; name = en; path = en.lproj/InfoPlist.strings; sourceTree = "<group>"; };
		3F08BBCF18F98A9700DD0C91 /* LoginTests.m */ = {isa = PBXFileReference; lastKnownFileType = sourcecode.c.objc; path = LoginTests.m; sourceTree = "<group>"; };
		3F08BBD918F98B7500DD0C91 /* LoginViewController.h */ = {isa = PBXFileReference; fileEncoding = 4; lastKnownFileType = sourcecode.c.h; path = LoginViewController.h; sourceTree = "<group>"; };
		3F08BBDA18F98B7500DD0C91 /* LoginViewController.m */ = {isa = PBXFileReference; fileEncoding = 4; lastKnownFileType = sourcecode.c.objc; path = LoginViewController.m; sourceTree = "<group>"; };
		3F08BBDB18F98B7500DD0C91 /* LoginViewController.xib */ = {isa = PBXFileReference; fileEncoding = 4; lastKnownFileType = file.xib; path = LoginViewController.xib; sourceTree = "<group>"; };
		3F08BBDE18F9912D00DD0C91 /* LoginModel.h */ = {isa = PBXFileReference; fileEncoding = 4; lastKnownFileType = sourcecode.c.h; path = LoginModel.h; sourceTree = "<group>"; };
		3F08BBDF18F9912D00DD0C91 /* LoginModel.m */ = {isa = PBXFileReference; fileEncoding = 4; lastKnownFileType = sourcecode.c.objc; path = LoginModel.m; sourceTree = "<group>"; };
/* End PBXFileReference section */

/* Begin PBXFrameworksBuildPhase section */
		3F08BBA418F98A9600DD0C91 /* Frameworks */ = {
			isa = PBXFrameworksBuildPhase;
			buildActionMask = 2147483647;
			files = (
				3F08BBAD18F98A9600DD0C91 /* CoreGraphics.framework in Frameworks */,
				3F08BBAF18F98A9600DD0C91 /* UIKit.framework in Frameworks */,
				3F08BBAB18F98A9600DD0C91 /* Foundation.framework in Frameworks */,
			);
			runOnlyForDeploymentPostprocessing = 0;
		};
		3F08BBBF18F98A9600DD0C91 /* Frameworks */ = {
			isa = PBXFrameworksBuildPhase;
			buildActionMask = 2147483647;
			files = (
				3F08BBC418F98A9600DD0C91 /* XCTest.framework in Frameworks */,
				3F08BBC618F98A9700DD0C91 /* UIKit.framework in Frameworks */,
				3F08BBC518F98A9700DD0C91 /* Foundation.framework in Frameworks */,
			);
			runOnlyForDeploymentPostprocessing = 0;
		};
/* End PBXFrameworksBuildPhase section */

/* Begin PBXGroup section */
		3F08BB9E18F98A9600DD0C91 = {
			isa = PBXGroup;
			children = (
				3F08BBB018F98A9600DD0C91 /* Login */,
				3F08BBC918F98A9700DD0C91 /* LoginTests */,
				3F08BBA918F98A9600DD0C91 /* Frameworks */,
				3F08BBA818F98A9600DD0C91 /* Products */,
			);
			sourceTree = "<group>";
		};
		3F08BBA818F98A9600DD0C91 /* Products */ = {
			isa = PBXGroup;
			children = (
				3F08BBA718F98A9600DD0C91 /* Login.app */,
				3F08BBC218F98A9600DD0C91 /* LoginTests.xctest */,
			);
			name = Products;
			sourceTree = "<group>";
		};
		3F08BBA918F98A9600DD0C91 /* Frameworks */ = {
			isa = PBXGroup;
			children = (
				3F08BBAA18F98A9600DD0C91 /* Foundation.framework */,
				3F08BBAC18F98A9600DD0C91 /* CoreGraphics.framework */,
				3F08BBAE18F98A9600DD0C91 /* UIKit.framework */,
				3F08BBC318F98A9600DD0C91 /* XCTest.framework */,
			);
			name = Frameworks;
			sourceTree = "<group>";
		};
		3F08BBB018F98A9600DD0C91 /* Login */ = {
			isa = PBXGroup;
			children = (
				3F08BBB918F98A9600DD0C91 /* AppDelegate.h */,
				3F08BBBA18F98A9600DD0C91 /* AppDelegate.m */,
				3F08BBD918F98B7500DD0C91 /* LoginViewController.h */,
				3F08BBDA18F98B7500DD0C91 /* LoginViewController.m */,
				3F08BBDB18F98B7500DD0C91 /* LoginViewController.xib */,
				3F08BBDE18F9912D00DD0C91 /* LoginModel.h */,
				3F08BBDF18F9912D00DD0C91 /* LoginModel.m */,
				3F08BBBC18F98A9600DD0C91 /* Images.xcassets */,
				3F08BBB118F98A9600DD0C91 /* Supporting Files */,
			);
			path = Login;
			sourceTree = "<group>";
		};
		3F08BBB118F98A9600DD0C91 /* Supporting Files */ = {
			isa = PBXGroup;
			children = (
				3F08BBB218F98A9600DD0C91 /* Login-Info.plist */,
				3F08BBB318F98A9600DD0C91 /* InfoPlist.strings */,
				3F08BBB618F98A9600DD0C91 /* main.m */,
				3F08BBB818F98A9600DD0C91 /* Login-Prefix.pch */,
			);
			name = "Supporting Files";
			sourceTree = "<group>";
		};
		3F08BBC918F98A9700DD0C91 /* LoginTests */ = {
			isa = PBXGroup;
			children = (
				3F08BBCF18F98A9700DD0C91 /* LoginTests.m */,
				3F08BBCA18F98A9700DD0C91 /* Supporting Files */,
			);
			path = LoginTests;
			sourceTree = "<group>";
		};
		3F08BBCA18F98A9700DD0C91 /* Supporting Files */ = {
			isa = PBXGroup;
			children = (
				3F08BBCB18F98A9700DD0C91 /* LoginTests-Info.plist */,
				3F08BBCC18F98A9700DD0C91 /* InfoPlist.strings */,
			);
			name = "Supporting Files";
			sourceTree = "<group>";
		};
/* End PBXGroup section */

/* Begin PBXNativeTarget section */
		3F08BBA618F98A9600DD0C91 /* Login */ = {
			isa = PBXNativeTarget;
			buildConfigurationList = 3F08BBD318F98A9700DD0C91 /* Build configuration list for PBXNativeTarget "Login" */;
			buildPhases = (
				3F08BBA318F98A9600DD0C91 /* Sources */,
				3F08BBA418F98A9600DD0C91 /* Frameworks */,
				3F08BBA518F98A9600DD0C91 /* Resources */,
			);
			buildRules = (
			);
			dependencies = (
			);
			name = Login;
			productName = Login;
			productReference = 3F08BBA718F98A9600DD0C91 /* Login.app */;
			productType = "com.apple.product-type.application";
		};
		3F08BBC118F98A9600DD0C91 /* LoginTests */ = {
			isa = PBXNativeTarget;
			buildConfigurationList = 3F08BBD618F98A9700DD0C91 /* Build configuration list for PBXNativeTarget "LoginTests" */;
			buildPhases = (
				3F08BBBE18F98A9600DD0C91 /* Sources */,
				3F08BBBF18F98A9600DD0C91 /* Frameworks */,
				3F08BBC018F98A9600DD0C91 /* Resources */,
			);
			buildRules = (
			);
			dependencies = (
				3F08BBC818F98A9700DD0C91 /* PBXTargetDependency */,
			);
			name = LoginTests;
			productName = LoginTests;
			productReference = 3F08BBC218F98A9600DD0C91 /* LoginTests.xctest */;
			productType = "com.apple.product-type.bundle.unit-test";
		};
/* End PBXNativeTarget section */

/* Begin PBXProject section */
		3F08BB9F18F98A9600DD0C91 /* Project object */ = {
			isa = PBXProject;
			attributes = {
				LastUpgradeCheck = 0500;
				ORGANIZATIONNAME = ISS;
				TargetAttributes = {
					3F08BBC118F98A9600DD0C91 = {
						TestTargetID = 3F08BBA618F98A9600DD0C91;
					};
				};
			};
			buildConfigurationList = 3F08BBA218F98A9600DD0C91 /* Build configuration list for PBXProject "Login" */;
			compatibilityVersion = "Xcode 3.2";
			developmentRegion = English;
			hasScannedForEncodings = 0;
			knownRegions = (
				en,
			);
			mainGroup = 3F08BB9E18F98A9600DD0C91;
			productRefGroup = 3F08BBA818F98A9600DD0C91 /* Products */;
			projectDirPath = "";
			projectRoot = "";
			targets = (
				3F08BBA618F98A9600DD0C91 /* Login */,
				3F08BBC118F98A9600DD0C91 /* LoginTests */,
			);
		};
/* End PBXProject section */

/* Begin PBXResourcesBuildPhase section */
		3F08BBA518F98A9600DD0C91 /* Resources */ = {
			isa = PBXResourcesBuildPhase;
			buildActionMask = 2147483647;
			files = (
				3F08BBB518F98A9600DD0C91 /* InfoPlist.strings in Resources */,
				3F08BBBD18F98A9600DD0C91 /* Images.xcassets in Resources */,
				3F08BBDD18F98B7500DD0C91 /* LoginViewController.xib in Resources */,
			);
			runOnlyForDeploymentPostprocessing = 0;
		};
		3F08BBC018F98A9600DD0C91 /* Resources */ = {
			isa = PBXResourcesBuildPhase;
			buildActionMask = 2147483647;
			files = (
				3F08BBCE18F98A9700DD0C91 /* InfoPlist.strings in Resources */,
			);
			runOnlyForDeploymentPostprocessing = 0;
		};
/* End PBXResourcesBuildPhase section */

/* Begin PBXSourcesBuildPhase section */
		3F08BBA318F98A9600DD0C91 /* Sources */ = {
			isa = PBXSourcesBuildPhase;
			buildActionMask = 2147483647;
			files = (
				3F08BBBB18F98A9600DD0C91 /* AppDelegate.m in Sources */,
				3F08BBE018F9912D00DD0C91 /* LoginModel.m in Sources */,
				3F08BBB718F98A9600DD0C91 /* main.m in Sources */,
				3F08BBDC18F98B7500DD0C91 /* LoginViewController.m in Sources */,
			);
			runOnlyForDeploymentPostprocessing = 0;
		};
		3F08BBBE18F98A9600DD0C91 /* Sources */ = {
			isa = PBXSourcesBuildPhase;
			buildActionMask = 2147483647;
			files = (
				3F08BBD018F98A9700DD0C91 /* LoginTests.m in Sources */,
			);
			runOnlyForDeploymentPostprocessing = 0;
		};
/* End PBXSourcesBuildPhase section */

/* Begin PBXTargetDependency section */
		3F08BBC818F98A9700DD0C91 /* PBXTargetDependency */ = {
			isa = PBXTargetDependency;
			target = 3F08BBA618F98A9600DD0C91 /* Login */;
			targetProxy = 3F08BBC718F98A9700DD0C91 /* PBXContainerItemProxy */;
		};
/* End PBXTargetDependency section */

/* Begin PBXVariantGroup section */
		3F08BBB318F98A9600DD0C91 /* InfoPlist.strings */ = {
			isa = PBXVariantGroup;
			children = (
				3F08BBB418F98A9600DD0C91 /* en */,
			);
			name = InfoPlist.strings;
			sourceTree = "<group>";
		};
		3F08BBCC18F98A9700DD0C91 /* InfoPlist.strings */ = {
			isa = PBXVariantGroup;
			children = (
				3F08BBCD18F98A9700DD0C91 /* en */,
			);
			name = InfoPlist.strings;
			sourceTree = "<group>";
		};
/* End PBXVariantGroup section */

/* Begin XCBuildConfiguration section */
		3F08BBD118F98A9700DD0C91 /* Debug */ = {
			isa = XCBuildConfiguration;
			buildSettings = {
				ALWAYS_SEARCH_USER_PATHS = NO;
				ARCHS = "$(ARCHS_STANDARD_INCLUDING_64_BIT)";
				CLANG_CXX_LANGUAGE_STANDARD = "gnu++0x";
				CLANG_CXX_LIBRARY = "libc++";
				CLANG_ENABLE_MODULES = YES;
				CLANG_ENABLE_OBJC_ARC = YES;
				CLANG_WARN_BOOL_CONVERSION = YES;
				CLANG_WARN_CONSTANT_CONVERSION = YES;
				CLANG_WARN_DIRECT_OBJC_ISA_USAGE = YES_ERROR;
				CLANG_WARN_EMPTY_BODY = YES;
				CLANG_WARN_ENUM_CONVERSION = YES;
				CLANG_WARN_INT_CONVERSION = YES;
				CLANG_WARN_OBJC_ROOT_CLASS = YES_ERROR;
				CLANG_WARN__DUPLICATE_METHOD_MATCH = YES;
				"CODE_SIGN_IDENTITY[sdk=iphoneos*]" = "iPhone Developer";
				COPY_PHASE_STRIP = NO;
				GCC_C_LANGUAGE_STANDARD = gnu99;
				GCC_DYNAMIC_NO_PIC = NO;
				GCC_OPTIMIZATION_LEVEL = 0;
				GCC_PREPROCESSOR_DEFINITIONS = (
					"DEBUG=1",
					"$(inherited)",
				);
				GCC_SYMBOLS_PRIVATE_EXTERN = NO;
				GCC_WARN_64_TO_32_BIT_CONVERSION = YES;
				GCC_WARN_ABOUT_RETURN_TYPE = YES_ERROR;
				GCC_WARN_UNDECLARED_SELECTOR = YES;
				GCC_WARN_UNINITIALIZED_AUTOS = YES;
				GCC_WARN_UNUSED_FUNCTION = YES;
				GCC_WARN_UNUSED_VARIABLE = YES;
				IPHONEOS_DEPLOYMENT_TARGET = 7.0;
				ONLY_ACTIVE_ARCH = YES;
				SDKROOT = iphoneos;
			};
			name = Debug;
		};
		3F08BBD218F98A9700DD0C91 /* Release */ = {
			isa = XCBuildConfiguration;
			buildSettings = {
				ALWAYS_SEARCH_USER_PATHS = NO;
				ARCHS = "$(ARCHS_STANDARD_INCLUDING_64_BIT)";
				CLANG_CXX_LANGUAGE_STANDARD = "gnu++0x";
				CLANG_CXX_LIBRARY = "libc++";
				CLANG_ENABLE_MODULES = YES;
				CLANG_ENABLE_OBJC_ARC = YES;
				CLANG_WARN_BOOL_CONVERSION = YES;
				CLANG_WARN_CONSTANT_CONVERSION = YES;
				CLANG_WARN_DIRECT_OBJC_ISA_USAGE = YES_ERROR;
				CLANG_WARN_EMPTY_BODY = YES;
				CLANG_WARN_ENUM_CONVERSION = YES;
				CLANG_WARN_INT_CONVERSION = YES;
				CLANG_WARN_OBJC_ROOT_CLASS = YES_ERROR;
				CLANG_WARN__DUPLICATE_METHOD_MATCH = YES;
				"CODE_SIGN_IDENTITY[sdk=iphoneos*]" = "iPhone Developer";
				COPY_PHASE_STRIP = YES;
				ENABLE_NS_ASSERTIONS = NO;
				GCC_C_LANGUAGE_STANDARD = gnu99;
				GCC_WARN_64_TO_32_BIT_CONVERSION = YES;
				GCC_WARN_ABOUT_RETURN_TYPE = YES_ERROR;
				GCC_WARN_UNDECLARED_SELECTOR = YES;
				GCC_WARN_UNINITIALIZED_AUTOS = YES;
				GCC_WARN_UNUSED_FUNCTION = YES;
				GCC_WARN_UNUSED_VARIABLE = YES;
				IPHONEOS_DEPLOYMENT_TARGET = 7.0;
				SDKROOT = iphoneos;
				VALIDATE_PRODUCT = YES;
			};
			name = Release;
		};
		3F08BBD418F98A9700DD0C91 /* Debug */ = {
			isa = XCBuildConfiguration;
			buildSettings = {
				ASSETCATALOG_COMPILER_APPICON_NAME = AppIcon;
				ASSETCATALOG_COMPILER_LAUNCHIMAGE_NAME = LaunchImage;
				GCC_PRECOMPILE_PREFIX_HEADER = YES;
				GCC_PREFIX_HEADER = "Login/Login-Prefix.pch";
				INFOPLIST_FILE = "Login/Login-Info.plist";
				PRODUCT_NAME = "$(TARGET_NAME)";
				WRAPPER_EXTENSION = app;
			};
			name = Debug;
		};
		3F08BBD518F98A9700DD0C91 /* Release */ = {
			isa = XCBuildConfiguration;
			buildSettings = {
				ASSETCATALOG_COMPILER_APPICON_NAME = AppIcon;
				ASSETCATALOG_COMPILER_LAUNCHIMAGE_NAME = LaunchImage;
				GCC_PRECOMPILE_PREFIX_HEADER = YES;
				GCC_PREFIX_HEADER = "Login/Login-Prefix.pch";
				INFOPLIST_FILE = "Login/Login-Info.plist";
				PRODUCT_NAME = "$(TARGET_NAME)";
				WRAPPER_EXTENSION = app;
			};
			name = Release;
		};
		3F08BBD718F98A9700DD0C91 /* Debug */ = {
			isa = XCBuildConfiguration;
			buildSettings = {
				ARCHS = "$(ARCHS_STANDARD_INCLUDING_64_BIT)";
				BUNDLE_LOADER = "$(BUILT_PRODUCTS_DIR)/Login.app/Login";
				FRAMEWORK_SEARCH_PATHS = (
					"$(SDKROOT)/Developer/Library/Frameworks",
					"$(inherited)",
					"$(DEVELOPER_FRAMEWORKS_DIR)",
				);
				GCC_PRECOMPILE_PREFIX_HEADER = YES;
				GCC_PREFIX_HEADER = "Login/Login-Prefix.pch";
				GCC_PREPROCESSOR_DEFINITIONS = (
					"DEBUG=1",
					"$(inherited)",
				);
				INFOPLIST_FILE = "LoginTests/LoginTests-Info.plist";
				PRODUCT_NAME = "$(TARGET_NAME)";
				TEST_HOST = "$(BUNDLE_LOADER)";
				WRAPPER_EXTENSION = xctest;
			};
			name = Debug;
		};
		3F08BBD818F98A9700DD0C91 /* Release */ = {
			isa = XCBuildConfiguration;
			buildSettings = {
				ARCHS = "$(ARCHS_STANDARD_INCLUDING_64_BIT)";
				BUNDLE_LOADER = "$(BUILT_PRODUCTS_DIR)/Login.app/Login";
				FRAMEWORK_SEARCH_PATHS = (
					"$(SDKROOT)/Developer/Library/Frameworks",
					"$(inherited)",
					"$(DEVELOPER_FRAMEWORKS_DIR)",
				);
				GCC_PRECOMPILE_PREFIX_HEADER = YES;
				GCC_PREFIX_HEADER = "Login/Login-Prefix.pch";
				INFOPLIST_FILE = "LoginTests/LoginTests-Info.plist";
				PRODUCT_NAME = "$(TARGET_NAME)";
				TEST_HOST = "$(BUNDLE_LOADER)";
				WRAPPER_EXTENSION = xctest;
			};
			name = Release;
		};
/* End XCBuildConfiguration section */

/* Begin XCConfigurationList section */
		3F08BBA218F98A9600DD0C91 /* Build configuration list for PBXProject "Login" */ = {
			isa = XCConfigurationList;
			buildConfigurations = (
				3F08BBD118F98A9700DD0C91 /* Debug */,
				3F08BBD218F98A9700DD0C91 /* Release */,
			);
			defaultConfigurationIsVisible = 0;
			defaultConfigurationName = Release;
		};
		3F08BBD318F98A9700DD0C91 /* Build configuration list for PBXNativeTarget "Login" */ = {
			isa = XCConfigurationList;
			buildConfigurations = (
				3F08BBD418F98A9700DD0C91 /* Debug */,
				3F08BBD518F98A9700DD0C91 /* Release */,
			);
			defaultConfigurationIsVisible = 0;
		};
		3F08BBD618F98A9700DD0C91 /* Build configuration list for PBXNativeTarget "LoginTests" */ = {
			isa = XCConfigurationList;
			buildConfigurations = (
				3F08BBD718F98A9700DD0C91 /* Debug */,
				3F08BBD818F98A9700DD0C91 /* Release */,
			);
			defaultConfigurationIsVisible = 0;
		};
/* End XCConfigurationList section */
	};
	rootObject = 3F08BB9F18F98A9600DD0C91 /* Project object */;
}
